
Microsoft Visual Studio Solution File, Format Version 12.00
# Visual Studio Version 17
VisualStudioVersion = 17.11.35312.102
MinimumVisualStudioVersion = 10.0.40219.1
Project("{2150E333-8FDC-42A3-9474-1A3956D46DE8}") = "Task0", "Task0", "{138196B4-5680-4161-9A2E-4AA6AE03B4ED}"
EndProject
Project("{9A19103F-16F7-4668-BE54-9A1E7A4F7556}") = "Tyuiu.OvsepyanAA.Sprint1.Task0.V9", "Tyuiu.OvsepyanAA.Sprint1.Task0.V9\Tyuiu.OvsepyanAA.Sprint1.Task0.V9.csproj", "{8306202C-2ADC-4F17-8E4A-8599E0B09112}"
EndProject
Project("{9A19103F-16F7-4668-BE54-9A1E7A4F7556}") = "Tyuiu.OvsepyanAA.Sprint1.Task0.V9.Lib", "Tyuiu.OvsepyanAA.Sprint1.Task0.V9.Lib\Tyuiu.OvsepyanAA.Sprint1.Task0.V9.Lib.csproj", "{C605294B-7288-4E87-A95A-6071B8841F4B}"
EndProject
Project("{9A19103F-16F7-4668-BE54-9A1E7A4F7556}") = "Tyuiu.OvsepyanAA.Sprint1.Task0.V9.Test", "Tyuiu.OvsepyanAA.Sprint1.Task0.V9.Test\Tyuiu.OvsepyanAA.Sprint1.Task0.V9.Test.csproj", "{FA9BF2D3-D7DA-44FA-A520-918F834039FF}"
EndProject
Project("{2150E333-8FDC-42A3-9474-1A3956D46DE8}") = "Task1", "Task1", "{2D2DB94D-D8F1-4E9E-BA09-694A03A089EC}"
EndProject
Project("{9A19103F-16F7-4668-BE54-9A1E7A4F7556}") = "Tyuiu.OvsepyanAA.Sprint1.Task1.V25", "Tyuiu.OvsepyanAA.Sprint1.Task1.V25\Tyuiu.OvsepyanAA.Sprint1.Task1.V25.csproj", "{F3E950F1-F4FA-4086-AE53-15A6B4764251}"
EndProject
Project("{9A19103F-16F7-4668-BE54-9A1E7A4F7556}") = "Tyuiu.OvsepyanAA.Sprint1.Task1.V25.Lib", "Tyuiu.OvsepyanAA.Sprint1.Task1.V25.Lib\Tyuiu.OvsepyanAA.Sprint1.Task1.V25.Lib.csproj", "{94FE7120-654B-4E0F-9898-62C88C91BA8B}"
EndProject
Project("{9A19103F-16F7-4668-BE54-9A1E7A4F7556}") = "Tyuiu.OvsepyanAA.Sprint1.Task1.V25.Test", "Tyuiu.OvsepyanAA.Sprint1.Task1.V25.Test\Tyuiu.OvsepyanAA.Sprint1.Task1.V25.Test.csproj", "{A6126F98-50F9-49F3-ACC3-7CB06D3CE01F}"
EndProject
Project("{2150E333-8FDC-42A3-9474-1A3956D46DE8}") = "Task2", "Task2", "{3CE4F102-D72E-430B-BFED-0807BA49E8FA}"
EndProject
Project("{FAE04EC0-301F-11D3-BF4B-00C04F79EFBC}") = "Tyuiu.OvsepyanAA.Sprint1.Task2.V2", "Tyuiu.OvsepyanAA.Sprint1.Task2.V2\Tyuiu.OvsepyanAA.Sprint1.Task2.V2.csproj", "{4A599498-2281-4EB8-9E49-34524FBDFCB2}"
EndProject
Project("{FAE04EC0-301F-11D3-BF4B-00C04F79EFBC}") = "Tyuiu.OvsepyanAA.Sprint1.Task2.V2.Lib", "Tyuiu.OvsepyanAA.Sprint1.Task2.V2.Lib\Tyuiu.OvsepyanAA.Sprint1.Task2.V2.Lib.csproj", "{33AB562F-4AD9-401B-9FD7-CB82CE5C3DC9}"
EndProject
Project("{FAE04EC0-301F-11D3-BF4B-00C04F79EFBC}") = "Tyuiu.OvsepyanAA.Sprint1.Task2.V2.Test", "Tyuiu.OvsepyanAA.Sprint1.Task2.V2.Test\Tyuiu.OvsepyanAA.Sprint1.Task2.V2.Test.csproj", "{1C852CB3-D4F0-44B5-8988-E84860E9893F}"
EndProject
Global
	GlobalSection(SolutionConfigurationPlatforms) = preSolution
		Debug|Any CPU = Debug|Any CPU
		Release|Any CPU = Release|Any CPU
	EndGlobalSection
	GlobalSection(ProjectConfigurationPlatforms) = postSolution
		{8306202C-2ADC-4F17-8E4A-8599E0B09112}.Debug|Any CPU.ActiveCfg = Debug|Any CPU
		{8306202C-2ADC-4F17-8E4A-8599E0B09112}.Debug|Any CPU.Build.0 = Debug|Any CPU
		{8306202C-2ADC-4F17-8E4A-8599E0B09112}.Release|Any CPU.ActiveCfg = Release|Any CPU
		{8306202C-2ADC-4F17-8E4A-8599E0B09112}.Release|Any CPU.Build.0 = Release|Any CPU
		{C605294B-7288-4E87-A95A-6071B8841F4B}.Debug|Any CPU.ActiveCfg = Debug|Any CPU
		{C605294B-7288-4E87-A95A-6071B8841F4B}.Debug|Any CPU.Build.0 = Debug|Any CPU
		{C605294B-7288-4E87-A95A-6071B8841F4B}.Release|Any CPU.ActiveCfg = Release|Any CPU
		{C605294B-7288-4E87-A95A-6071B8841F4B}.Release|Any CPU.Build.0 = Release|Any CPU
		{FA9BF2D3-D7DA-44FA-A520-918F834039FF}.Debug|Any CPU.ActiveCfg = Debug|Any CPU
		{FA9BF2D3-D7DA-44FA-A520-918F834039FF}.Debug|Any CPU.Build.0 = Debug|Any CPU
		{FA9BF2D3-D7DA-44FA-A520-918F834039FF}.Release|Any CPU.ActiveCfg = Release|Any CPU
		{FA9BF2D3-D7DA-44FA-A520-918F834039FF}.Release|Any CPU.Build.0 = Release|Any CPU
		{F3E950F1-F4FA-4086-AE53-15A6B4764251}.Debug|Any CPU.ActiveCfg = Debug|Any CPU
		{F3E950F1-F4FA-4086-AE53-15A6B4764251}.Debug|Any CPU.Build.0 = Debug|Any CPU
		{F3E950F1-F4FA-4086-AE53-15A6B4764251}.Release|Any CPU.ActiveCfg = Release|Any CPU
		{F3E950F1-F4FA-4086-AE53-15A6B4764251}.Release|Any CPU.Build.0 = Release|Any CPU
		{94FE7120-654B-4E0F-9898-62C88C91BA8B}.Debug|Any CPU.ActiveCfg = Debug|Any CPU
		{94FE7120-654B-4E0F-9898-62C88C91BA8B}.Debug|Any CPU.Build.0 = Debug|Any CPU
		{94FE7120-654B-4E0F-9898-62C88C91BA8B}.Release|Any CPU.ActiveCfg = Release|Any CPU
		{94FE7120-654B-4E0F-9898-62C88C91BA8B}.Release|Any CPU.Build.0 = Release|Any CPU
		{A6126F98-50F9-49F3-ACC3-7CB06D3CE01F}.Debug|Any CPU.ActiveCfg = Debug|Any CPU
		{A6126F98-50F9-49F3-ACC3-7CB06D3CE01F}.Debug|Any CPU.Build.0 = Debug|Any CPU
		{A6126F98-50F9-49F3-ACC3-7CB06D3CE01F}.Release|Any CPU.ActiveCfg = Release|Any CPU
		{A6126F98-50F9-49F3-ACC3-7CB06D3CE01F}.Release|Any CPU.Build.0 = Release|Any CPU
		{4A599498-2281-4EB8-9E49-34524FBDFCB2}.Debug|Any CPU.ActiveCfg = Debug|Any CPU
		{4A599498-2281-4EB8-9E49-34524FBDFCB2}.Debug|Any CPU.Build.0 = Debug|Any CPU
		{4A599498-2281-4EB8-9E49-34524FBDFCB2}.Release|Any CPU.ActiveCfg = Release|Any CPU
		{4A599498-2281-4EB8-9E49-34524FBDFCB2}.Release|Any CPU.Build.0 = Release|Any CPU
		{33AB562F-4AD9-401B-9FD7-CB82CE5C3DC9}.Debug|Any CPU.ActiveCfg = Debug|Any CPU
		{33AB562F-4AD9-401B-9FD7-CB82CE5C3DC9}.Debug|Any CPU.Build.0 = Debug|Any CPU
		{33AB562F-4AD9-401B-9FD7-CB82CE5C3DC9}.Release|Any CPU.ActiveCfg = Release|Any CPU
		{33AB562F-4AD9-401B-9FD7-CB82CE5C3DC9}.Release|Any CPU.Build.0 = Release|Any CPU
		{1C852CB3-D4F0-44B5-8988-E84860E9893F}.Debug|Any CPU.ActiveCfg = Debug|Any CPU
		{1C852CB3-D4F0-44B5-8988-E84860E9893F}.Debug|Any CPU.Build.0 = Debug|Any CPU
		{1C852CB3-D4F0-44B5-8988-E84860E9893F}.Release|Any CPU.ActiveCfg = Release|Any CPU
		{1C852CB3-D4F0-44B5-8988-E84860E9893F}.Release|Any CPU.Build.0 = Release|Any CPU
	EndGlobalSection
	GlobalSection(SolutionProperties) = preSolution
		HideSolutionNode = FALSE
	EndGlobalSection
	GlobalSection(NestedProjects) = preSolution
		{8306202C-2ADC-4F17-8E4A-8599E0B09112} = {138196B4-5680-4161-9A2E-4AA6AE03B4ED}
		{C605294B-7288-4E87-A95A-6071B8841F4B} = {138196B4-5680-4161-9A2E-4AA6AE03B4ED}
		{FA9BF2D3-D7DA-44FA-A520-918F834039FF} = {138196B4-5680-4161-9A2E-4AA6AE03B4ED}
		{F3E950F1-F4FA-4086-AE53-15A6B4764251} = {2D2DB94D-D8F1-4E9E-BA09-694A03A089EC}
		{94FE7120-654B-4E0F-9898-62C88C91BA8B} = {2D2DB94D-D8F1-4E9E-BA09-694A03A089EC}
		{A6126F98-50F9-49F3-ACC3-7CB06D3CE01F} = {2D2DB94D-D8F1-4E9E-BA09-694A03A089EC}
		{4A599498-2281-4EB8-9E49-34524FBDFCB2} = {3CE4F102-D72E-430B-BFED-0807BA49E8FA}
		{33AB562F-4AD9-401B-9FD7-CB82CE5C3DC9} = {3CE4F102-D72E-430B-BFED-0807BA49E8FA}
		{1C852CB3-D4F0-44B5-8988-E84860E9893F} = {3CE4F102-D72E-430B-BFED-0807BA49E8FA}
	EndGlobalSection
	GlobalSection(ExtensibilityGlobals) = postSolution
		SolutionGuid = {18072BEE-B54A-40D9-8F3B-6CE929FC14F3}
	EndGlobalSection
EndGlobal
