
Microsoft Visual Studio Solution File, Format Version 12.00
# Visual Studio Version 17
VisualStudioVersion = 17.11.35312.102
MinimumVisualStudioVersion = 10.0.40219.1
Project("{2150E333-8FDC-42A3-9474-1A3956D46DE8}") = "Task1", "Task1", "{2D2DB94D-D8F1-4E9E-BA09-694A03A089EC}"
EndProject
Project("{9A19103F-16F7-4668-BE54-9A1E7A4F7556}") = "Tyuiu.OvsepyanAA.Sprint1.Task1.V25", "Tyuiu.OvsepyanAA.Sprint1.Task1.V25\Tyuiu.OvsepyanAA.Sprint1.Task1.V25.csproj", "{F3E950F1-F4FA-4086-AE53-15A6B4764251}"
EndProject
Project("{9A19103F-16F7-4668-BE54-9A1E7A4F7556}") = "Tyuiu.OvsepyanAA.Sprint1.Task1.V25.Lib", "Tyuiu.OvsepyanAA.Sprint1.Task1.V25.Lib\Tyuiu.OvsepyanAA.Sprint1.Task1.V25.Lib.csproj", "{94FE7120-654B-4E0F-9898-62C88C91BA8B}"
EndProject
Project("{9A19103F-16F7-4668-BE54-9A1E7A4F7556}") = "Tyuiu.OvsepyanAA.Sprint1.Task1.V25.Test", "Tyuiu.OvsepyanAA.Sprint1.Task1.V25.Test\Tyuiu.OvsepyanAA.Sprint1.Task1.V25.Test.csproj", "{A6126F98-50F9-49F3-ACC3-7CB06D3CE01F}"
EndProject
Project("{2150E333-8FDC-42A3-9474-1A3956D46DE8}") = "Task2", "Task2", "{8EE47500-22EA-40A1-A7AD-CE7762A675F1}"
EndProject
Project("{9A19103F-16F7-4668-BE54-9A1E7A4F7556}") = "Tyuiu.OvsepyanAA.Sprint1.Task2.V2", "Tyuiu.OvsepyanAA.Sprint1.Task2.V2\Tyuiu.OvsepyanAA.Sprint1.Task2.V2.csproj", "{8FFF1602-2359-40D1-B5E4-6B574910A00A}"
EndProject
Project("{9A19103F-16F7-4668-BE54-9A1E7A4F7556}") = "Tyuiu.OvsepyanAA.Sprint1.Task2.V2.Lib", "Tyuiu.OvsepyanAA.Sprint1.Task2.V2.Lib\Tyuiu.OvsepyanAA.Sprint1.Task2.V2.Lib.csproj", "{3BCC7E6F-D6BC-4F9C-A204-62C6EF7FD895}"
EndProject
Project("{9A19103F-16F7-4668-BE54-9A1E7A4F7556}") = "Tyuiu.OvsepyanAA.Sprint1.Task2.V2.Test", "Tyuiu.OvsepyanAA.Sprint1.Task2.V2.Test\Tyuiu.OvsepyanAA.Sprint1.Task2.V2.Test.csproj", "{0D84E713-7478-4221-B4B7-3E4A215C37D2}"
EndProject
Project("{2150E333-8FDC-42A3-9474-1A3956D46DE8}") = "Task3", "Task3", "{2E287866-862C-4893-88DD-ADB5902A0D0D}"
EndProject
Project("{9A19103F-16F7-4668-BE54-9A1E7A4F7556}") = "Tyuiu.OvsepyanAA.Sprint1.Task3.V4", "Tyuiu.OvsepyanAA.Sprint1.Task3.V4\Tyuiu.OvsepyanAA.Sprint1.Task3.V4.csproj", "{25D24F1F-2838-4DC4-A30E-AC0E3F75B569}"
EndProject
Project("{9A19103F-16F7-4668-BE54-9A1E7A4F7556}") = "Tyuiu.OvsepyanAA.Sprint1.Task3.V4.Lib", "Tyuiu.OvsepyanAA.Sprint1.Task3.V4.Lib\Tyuiu.OvsepyanAA.Sprint1.Task3.V4.Lib.csproj", "{AFECD467-F799-4A9D-957B-01B3F5FFA94B}"
EndProject
Project("{9A19103F-16F7-4668-BE54-9A1E7A4F7556}") = "Tyuiu.OvsepyanAA.Sprint1.Task3.V4.Test", "Tyuiu.OvsepyanAA.Sprint1.Task3.V4.Test\Tyuiu.OvsepyanAA.Sprint1.Task3.V4.Test.csproj", "{1B641BD7-9DB4-4F4A-BB34-8C994BED0D89}"
EndProject
Project("{2150E333-8FDC-42A3-9474-1A3956D46DE8}") = "Task0", "Task0", "{7708A42C-D6A9-4B95-BFB3-937B272BCF86}"
EndProject
Project("{9A19103F-16F7-4668-BE54-9A1E7A4F7556}") = "Tyuiu.OvsepyanAA.Sprint1.Task0.V9", "Tyuiu.OvsepyanAA.Sprint1.Task0.V9\Tyuiu.OvsepyanAA.Sprint1.Task0.V9.csproj", "{AE048251-06E8-422C-B88C-1D6CD5C0D3D1}"
EndProject
Project("{9A19103F-16F7-4668-BE54-9A1E7A4F7556}") = "Tyuiu.OvsepyanAA.Sprint1.Task0.V9.Lib", "Tyuiu.OvsepyanAA.Sprint1.Task0.V9.Lib\Tyuiu.OvsepyanAA.Sprint1.Task0.V9.Lib.csproj", "{110D09E4-02DE-43B6-B26C-C2C64544C268}"
EndProject
Project("{9A19103F-16F7-4668-BE54-9A1E7A4F7556}") = "Tyuiu.OvsepyanAA.Sprint1.Task0.V9.Test", "Tyuiu.OvsepyanAA.Sprint1.Task0.V9.Test\Tyuiu.OvsepyanAA.Sprint1.Task0.V9.Test.csproj", "{7377A2C4-E53D-40F7-83F9-9CAF2A5792D6}"
EndProject
Project("{2150E333-8FDC-42A3-9474-1A3956D46DE8}") = "Task4", "Task4", "{EACD1A0E-4FD8-4685-B0BC-6C49A8824449}"
EndProject
Project("{9A19103F-16F7-4668-BE54-9A1E7A4F7556}") = "Tyuiu.OvsepyanAA.Sprint1.Task4.V21", "Tyuiu.OvsepyanAA.Sprint1.Task4.V21\Tyuiu.OvsepyanAA.Sprint1.Task4.V21.csproj", "{D077D0A8-316B-4D3A-B5DD-7E72527C431C}"
EndProject
Project("{9A19103F-16F7-4668-BE54-9A1E7A4F7556}") = "Tyuiu.OvsepyanAA.Sprint1.Task4.V21.Lib", "Tyuiu.OvsepyanAA.Sprint1.Task4.V21.Lib\Tyuiu.OvsepyanAA.Sprint1.Task4.V21.Lib.csproj", "{4DBA1F58-280D-407A-83D4-28EE3CAEBB51}"
EndProject
Project("{9A19103F-16F7-4668-BE54-9A1E7A4F7556}") = "Tyuiu.OvsepyanAA.Sprint1.Task4.V21.Test", "Tyuiu.OvsepyanAA.Sprint1.Task4.V21.Test\Tyuiu.OvsepyanAA.Sprint1.Task4.V21.Test.csproj", "{ADC58467-FB15-46AE-B69B-C60D2E31E52D}"
EndProject
Project("{2150E333-8FDC-42A3-9474-1A3956D46DE8}") = "Task5", "Task5", "{92CC1B0C-A974-4779-B192-1F208B61DB89}"
EndProject
Project("{9A19103F-16F7-4668-BE54-9A1E7A4F7556}") = "Tyuiu.OvsepyanAA.Sprint1.Task5.V6", "Tyuiu.OvsepyanAA.Sprint1.Task5.V6\Tyuiu.OvsepyanAA.Sprint1.Task5.V6.csproj", "{502EA539-88ED-406F-83B5-5AD0BF4D6B9A}"
EndProject
Project("{9A19103F-16F7-4668-BE54-9A1E7A4F7556}") = "Tyuiu.OvsepyanAA.Sprint1.Task5.V6.Lib", "Tyuiu.OvsepyanAA.Sprint1.Task5.V6.Lib\Tyuiu.OvsepyanAA.Sprint1.Task5.V6.Lib.csproj", "{9F018550-C678-45B8-8C8B-8215829F3337}"
EndProject
Project("{9A19103F-16F7-4668-BE54-9A1E7A4F7556}") = "Tyuiu.OvsepyanAA.Sprint1.Task5.V6.Test", "Tyuiu.OvsepyanAA.Sprint1.Task5.V6.Test\Tyuiu.OvsepyanAA.Sprint1.Task5.V6.Test.csproj", "{4E6BCF4D-4425-42D4-BB96-58E67E1CB0FA}"
EndProject
Project("{2150E333-8FDC-42A3-9474-1A3956D46DE8}") = "Task6", "Task6", "{5FBD3E1A-CCF4-494A-9959-9DC8D0CA4FCC}"
EndProject
Project("{9A19103F-16F7-4668-BE54-9A1E7A4F7556}") = "Tyuiu.OvsepyanAA.Sprint1.Task6.V17", "Tyuiu.OvsepyanAA.Sprint1.Task6.V17\Tyuiu.OvsepyanAA.Sprint1.Task6.V17.csproj", "{8D6FFD14-E675-492C-BFAF-0AB2DA7C3919}"
EndProject
Project("{9A19103F-16F7-4668-BE54-9A1E7A4F7556}") = "Tyuiu.OvsepyanAA.Sprint1.Task6.V17.Lib", "Tyuiu.OvsepyanAA.Sprint1.Task6.V17.Lib\Tyuiu.OvsepyanAA.Sprint1.Task6.V17.Lib.csproj", "{B3CF6A1E-FC87-4138-9545-81AB18667D26}"
EndProject
Project("{9A19103F-16F7-4668-BE54-9A1E7A4F7556}") = "Tyuiu.OvsepyanAA.Sprint1.Task6.V17.Test", "Tyuiu.OvsepyanAA.Sprint1.Task6.V17.Test\Tyuiu.OvsepyanAA.Sprint1.Task6.V17.Test.csproj", "{D7D73A06-0CEB-4074-8B4E-7D32704C85AA}"
EndProject
Project("{2150E333-8FDC-42A3-9474-1A3956D46DE8}") = "Task7", "Task7", "{9F0415F4-2DC6-4077-9DFE-64F8FB61E2B6}"
EndProject
Project("{FAE04EC0-301F-11D3-BF4B-00C04F79EFBC}") = "Tyuiu.OvsepyanAA.Sprint1.Task7.V2", "Tyuiu.OvsepyanAA.Sprint1.Task7.V2\Tyuiu.OvsepyanAA.Sprint1.Task7.V2.csproj", "{95804579-D62F-4E9B-8E49-F5BF9982DF1F}"
EndProject
Project("{FAE04EC0-301F-11D3-BF4B-00C04F79EFBC}") = "Tyuiu.OvsepyanAA.Sprint1.Task7.V2.Lib", "Tyuiu.OvsepyanAA.Sprint1.Task7.V2.Lib\Tyuiu.OvsepyanAA.Sprint1.Task7.V2.Lib.csproj", "{FE7D4281-A459-402D-9B92-7A016CEC9A24}"
EndProject
Project("{FAE04EC0-301F-11D3-BF4B-00C04F79EFBC}") = "Tyuiu.OvsepyanAA.Sprint1.Task7.V2.Test", "Tyuiu.OvsepyanAA.Sprint1.Task7.V2.Test\Tyuiu.OvsepyanAA.Sprint1.Task7.V2.Test.csproj", "{1D3C48B0-C660-45EE-9A84-B8701D8474CB}"
EndProject
Global
	GlobalSection(SolutionConfigurationPlatforms) = preSolution
		Debug|Any CPU = Debug|Any CPU
		Release|Any CPU = Release|Any CPU
	EndGlobalSection
	GlobalSection(ProjectConfigurationPlatforms) = postSolution
		{F3E950F1-F4FA-4086-AE53-15A6B4764251}.Debug|Any CPU.ActiveCfg = Debug|Any CPU
		{F3E950F1-F4FA-4086-AE53-15A6B4764251}.Debug|Any CPU.Build.0 = Debug|Any CPU
		{F3E950F1-F4FA-4086-AE53-15A6B4764251}.Release|Any CPU.ActiveCfg = Release|Any CPU
		{F3E950F1-F4FA-4086-AE53-15A6B4764251}.Release|Any CPU.Build.0 = Release|Any CPU
		{94FE7120-654B-4E0F-9898-62C88C91BA8B}.Debug|Any CPU.ActiveCfg = Debug|Any CPU
		{94FE7120-654B-4E0F-9898-62C88C91BA8B}.Debug|Any CPU.Build.0 = Debug|Any CPU
		{94FE7120-654B-4E0F-9898-62C88C91BA8B}.Release|Any CPU.ActiveCfg = Release|Any CPU
		{94FE7120-654B-4E0F-9898-62C88C91BA8B}.Release|Any CPU.Build.0 = Release|Any CPU
		{A6126F98-50F9-49F3-ACC3-7CB06D3CE01F}.Debug|Any CPU.ActiveCfg = Debug|Any CPU
		{A6126F98-50F9-49F3-ACC3-7CB06D3CE01F}.Debug|Any CPU.Build.0 = Debug|Any CPU
		{A6126F98-50F9-49F3-ACC3-7CB06D3CE01F}.Release|Any CPU.ActiveCfg = Release|Any CPU
		{A6126F98-50F9-49F3-ACC3-7CB06D3CE01F}.Release|Any CPU.Build.0 = Release|Any CPU
		{8FFF1602-2359-40D1-B5E4-6B574910A00A}.Debug|Any CPU.ActiveCfg = Debug|Any CPU
		{8FFF1602-2359-40D1-B5E4-6B574910A00A}.Debug|Any CPU.Build.0 = Debug|Any CPU
		{8FFF1602-2359-40D1-B5E4-6B574910A00A}.Release|Any CPU.ActiveCfg = Release|Any CPU
		{8FFF1602-2359-40D1-B5E4-6B574910A00A}.Release|Any CPU.Build.0 = Release|Any CPU
		{3BCC7E6F-D6BC-4F9C-A204-62C6EF7FD895}.Debug|Any CPU.ActiveCfg = Debug|Any CPU
		{3BCC7E6F-D6BC-4F9C-A204-62C6EF7FD895}.Debug|Any CPU.Build.0 = Debug|Any CPU
		{3BCC7E6F-D6BC-4F9C-A204-62C6EF7FD895}.Release|Any CPU.ActiveCfg = Release|Any CPU
		{3BCC7E6F-D6BC-4F9C-A204-62C6EF7FD895}.Release|Any CPU.Build.0 = Release|Any CPU
		{0D84E713-7478-4221-B4B7-3E4A215C37D2}.Debug|Any CPU.ActiveCfg = Debug|Any CPU
		{0D84E713-7478-4221-B4B7-3E4A215C37D2}.Debug|Any CPU.Build.0 = Debug|Any CPU
		{0D84E713-7478-4221-B4B7-3E4A215C37D2}.Release|Any CPU.ActiveCfg = Release|Any CPU
		{0D84E713-7478-4221-B4B7-3E4A215C37D2}.Release|Any CPU.Build.0 = Release|Any CPU
		{25D24F1F-2838-4DC4-A30E-AC0E3F75B569}.Debug|Any CPU.ActiveCfg = Debug|Any CPU
		{25D24F1F-2838-4DC4-A30E-AC0E3F75B569}.Debug|Any CPU.Build.0 = Debug|Any CPU
		{25D24F1F-2838-4DC4-A30E-AC0E3F75B569}.Release|Any CPU.ActiveCfg = Release|Any CPU
		{25D24F1F-2838-4DC4-A30E-AC0E3F75B569}.Release|Any CPU.Build.0 = Release|Any CPU
		{AFECD467-F799-4A9D-957B-01B3F5FFA94B}.Debug|Any CPU.ActiveCfg = Debug|Any CPU
		{AFECD467-F799-4A9D-957B-01B3F5FFA94B}.Debug|Any CPU.Build.0 = Debug|Any CPU
		{AFECD467-F799-4A9D-957B-01B3F5FFA94B}.Release|Any CPU.ActiveCfg = Release|Any CPU
		{AFECD467-F799-4A9D-957B-01B3F5FFA94B}.Release|Any CPU.Build.0 = Release|Any CPU
		{1B641BD7-9DB4-4F4A-BB34-8C994BED0D89}.Debug|Any CPU.ActiveCfg = Debug|Any CPU
		{1B641BD7-9DB4-4F4A-BB34-8C994BED0D89}.Debug|Any CPU.Build.0 = Debug|Any CPU
		{1B641BD7-9DB4-4F4A-BB34-8C994BED0D89}.Release|Any CPU.ActiveCfg = Release|Any CPU
		{1B641BD7-9DB4-4F4A-BB34-8C994BED0D89}.Release|Any CPU.Build.0 = Release|Any CPU
		{AE048251-06E8-422C-B88C-1D6CD5C0D3D1}.Debug|Any CPU.ActiveCfg = Debug|Any CPU
		{AE048251-06E8-422C-B88C-1D6CD5C0D3D1}.Debug|Any CPU.Build.0 = Debug|Any CPU
		{AE048251-06E8-422C-B88C-1D6CD5C0D3D1}.Release|Any CPU.ActiveCfg = Release|Any CPU
		{AE048251-06E8-422C-B88C-1D6CD5C0D3D1}.Release|Any CPU.Build.0 = Release|Any CPU
		{110D09E4-02DE-43B6-B26C-C2C64544C268}.Debug|Any CPU.ActiveCfg = Debug|Any CPU
		{110D09E4-02DE-43B6-B26C-C2C64544C268}.Debug|Any CPU.Build.0 = Debug|Any CPU
		{110D09E4-02DE-43B6-B26C-C2C64544C268}.Release|Any CPU.ActiveCfg = Release|Any CPU
		{110D09E4-02DE-43B6-B26C-C2C64544C268}.Release|Any CPU.Build.0 = Release|Any CPU
		{7377A2C4-E53D-40F7-83F9-9CAF2A5792D6}.Debug|Any CPU.ActiveCfg = Debug|Any CPU
		{7377A2C4-E53D-40F7-83F9-9CAF2A5792D6}.Debug|Any CPU.Build.0 = Debug|Any CPU
		{7377A2C4-E53D-40F7-83F9-9CAF2A5792D6}.Release|Any CPU.ActiveCfg = Release|Any CPU
		{7377A2C4-E53D-40F7-83F9-9CAF2A5792D6}.Release|Any CPU.Build.0 = Release|Any CPU
		{D077D0A8-316B-4D3A-B5DD-7E72527C431C}.Debug|Any CPU.ActiveCfg = Debug|Any CPU
		{D077D0A8-316B-4D3A-B5DD-7E72527C431C}.Debug|Any CPU.Build.0 = Debug|Any CPU
		{D077D0A8-316B-4D3A-B5DD-7E72527C431C}.Release|Any CPU.ActiveCfg = Release|Any CPU
		{D077D0A8-316B-4D3A-B5DD-7E72527C431C}.Release|Any CPU.Build.0 = Release|Any CPU
		{4DBA1F58-280D-407A-83D4-28EE3CAEBB51}.Debug|Any CPU.ActiveCfg = Debug|Any CPU
		{4DBA1F58-280D-407A-83D4-28EE3CAEBB51}.Debug|Any CPU.Build.0 = Debug|Any CPU
		{4DBA1F58-280D-407A-83D4-28EE3CAEBB51}.Release|Any CPU.ActiveCfg = Release|Any CPU
		{4DBA1F58-280D-407A-83D4-28EE3CAEBB51}.Release|Any CPU.Build.0 = Release|Any CPU
		{ADC58467-FB15-46AE-B69B-C60D2E31E52D}.Debug|Any CPU.ActiveCfg = Debug|Any CPU
		{ADC58467-FB15-46AE-B69B-C60D2E31E52D}.Debug|Any CPU.Build.0 = Debug|Any CPU
		{ADC58467-FB15-46AE-B69B-C60D2E31E52D}.Release|Any CPU.ActiveCfg = Release|Any CPU
		{ADC58467-FB15-46AE-B69B-C60D2E31E52D}.Release|Any CPU.Build.0 = Release|Any CPU
		{502EA539-88ED-406F-83B5-5AD0BF4D6B9A}.Debug|Any CPU.ActiveCfg = Debug|Any CPU
		{502EA539-88ED-406F-83B5-5AD0BF4D6B9A}.Debug|Any CPU.Build.0 = Debug|Any CPU
		{502EA539-88ED-406F-83B5-5AD0BF4D6B9A}.Release|Any CPU.ActiveCfg = Release|Any CPU
		{502EA539-88ED-406F-83B5-5AD0BF4D6B9A}.Release|Any CPU.Build.0 = Release|Any CPU
		{9F018550-C678-45B8-8C8B-8215829F3337}.Debug|Any CPU.ActiveCfg = Debug|Any CPU
		{9F018550-C678-45B8-8C8B-8215829F3337}.Debug|Any CPU.Build.0 = Debug|Any CPU
		{9F018550-C678-45B8-8C8B-8215829F3337}.Release|Any CPU.ActiveCfg = Release|Any CPU
		{9F018550-C678-45B8-8C8B-8215829F3337}.Release|Any CPU.Build.0 = Release|Any CPU
		{4E6BCF4D-4425-42D4-BB96-58E67E1CB0FA}.Debug|Any CPU.ActiveCfg = Debug|Any CPU
		{4E6BCF4D-4425-42D4-BB96-58E67E1CB0FA}.Debug|Any CPU.Build.0 = Debug|Any CPU
		{4E6BCF4D-4425-42D4-BB96-58E67E1CB0FA}.Release|Any CPU.ActiveCfg = Release|Any CPU
		{4E6BCF4D-4425-42D4-BB96-58E67E1CB0FA}.Release|Any CPU.Build.0 = Release|Any CPU
		{8D6FFD14-E675-492C-BFAF-0AB2DA7C3919}.Debug|Any CPU.ActiveCfg = Debug|Any CPU
		{8D6FFD14-E675-492C-BFAF-0AB2DA7C3919}.Debug|Any CPU.Build.0 = Debug|Any CPU
		{8D6FFD14-E675-492C-BFAF-0AB2DA7C3919}.Release|Any CPU.ActiveCfg = Release|Any CPU
		{8D6FFD14-E675-492C-BFAF-0AB2DA7C3919}.Release|Any CPU.Build.0 = Release|Any CPU
		{B3CF6A1E-FC87-4138-9545-81AB18667D26}.Debug|Any CPU.ActiveCfg = Debug|Any CPU
		{B3CF6A1E-FC87-4138-9545-81AB18667D26}.Debug|Any CPU.Build.0 = Debug|Any CPU
		{B3CF6A1E-FC87-4138-9545-81AB18667D26}.Release|Any CPU.ActiveCfg = Release|Any CPU
		{B3CF6A1E-FC87-4138-9545-81AB18667D26}.Release|Any CPU.Build.0 = Release|Any CPU
		{D7D73A06-0CEB-4074-8B4E-7D32704C85AA}.Debug|Any CPU.ActiveCfg = Debug|Any CPU
		{D7D73A06-0CEB-4074-8B4E-7D32704C85AA}.Debug|Any CPU.Build.0 = Debug|Any CPU
		{D7D73A06-0CEB-4074-8B4E-7D32704C85AA}.Release|Any CPU.ActiveCfg = Release|Any CPU
		{D7D73A06-0CEB-4074-8B4E-7D32704C85AA}.Release|Any CPU.Build.0 = Release|Any CPU
		{95804579-D62F-4E9B-8E49-F5BF9982DF1F}.Debug|Any CPU.ActiveCfg = Debug|Any CPU
		{95804579-D62F-4E9B-8E49-F5BF9982DF1F}.Debug|Any CPU.Build.0 = Debug|Any CPU
		{95804579-D62F-4E9B-8E49-F5BF9982DF1F}.Release|Any CPU.ActiveCfg = Release|Any CPU
		{95804579-D62F-4E9B-8E49-F5BF9982DF1F}.Release|Any CPU.Build.0 = Release|Any CPU
		{FE7D4281-A459-402D-9B92-7A016CEC9A24}.Debug|Any CPU.ActiveCfg = Debug|Any CPU
		{FE7D4281-A459-402D-9B92-7A016CEC9A24}.Debug|Any CPU.Build.0 = Debug|Any CPU
		{FE7D4281-A459-402D-9B92-7A016CEC9A24}.Release|Any CPU.ActiveCfg = Release|Any CPU
		{FE7D4281-A459-402D-9B92-7A016CEC9A24}.Release|Any CPU.Build.0 = Release|Any CPU
		{1D3C48B0-C660-45EE-9A84-B8701D8474CB}.Debug|Any CPU.ActiveCfg = Debug|Any CPU
		{1D3C48B0-C660-45EE-9A84-B8701D8474CB}.Debug|Any CPU.Build.0 = Debug|Any CPU
		{1D3C48B0-C660-45EE-9A84-B8701D8474CB}.Release|Any CPU.ActiveCfg = Release|Any CPU
		{1D3C48B0-C660-45EE-9A84-B8701D8474CB}.Release|Any CPU.Build.0 = Release|Any CPU
	EndGlobalSection
	GlobalSection(SolutionProperties) = preSolution
		HideSolutionNode = FALSE
	EndGlobalSection
	GlobalSection(NestedProjects) = preSolution
		{F3E950F1-F4FA-4086-AE53-15A6B4764251} = {2D2DB94D-D8F1-4E9E-BA09-694A03A089EC}
		{94FE7120-654B-4E0F-9898-62C88C91BA8B} = {2D2DB94D-D8F1-4E9E-BA09-694A03A089EC}
		{A6126F98-50F9-49F3-ACC3-7CB06D3CE01F} = {2D2DB94D-D8F1-4E9E-BA09-694A03A089EC}
		{8FFF1602-2359-40D1-B5E4-6B574910A00A} = {8EE47500-22EA-40A1-A7AD-CE7762A675F1}
		{3BCC7E6F-D6BC-4F9C-A204-62C6EF7FD895} = {8EE47500-22EA-40A1-A7AD-CE7762A675F1}
		{0D84E713-7478-4221-B4B7-3E4A215C37D2} = {8EE47500-22EA-40A1-A7AD-CE7762A675F1}
		{25D24F1F-2838-4DC4-A30E-AC0E3F75B569} = {2E287866-862C-4893-88DD-ADB5902A0D0D}
		{AFECD467-F799-4A9D-957B-01B3F5FFA94B} = {2E287866-862C-4893-88DD-ADB5902A0D0D}
		{1B641BD7-9DB4-4F4A-BB34-8C994BED0D89} = {2E287866-862C-4893-88DD-ADB5902A0D0D}
		{AE048251-06E8-422C-B88C-1D6CD5C0D3D1} = {7708A42C-D6A9-4B95-BFB3-937B272BCF86}
		{110D09E4-02DE-43B6-B26C-C2C64544C268} = {7708A42C-D6A9-4B95-BFB3-937B272BCF86}
		{7377A2C4-E53D-40F7-83F9-9CAF2A5792D6} = {7708A42C-D6A9-4B95-BFB3-937B272BCF86}
		{D077D0A8-316B-4D3A-B5DD-7E72527C431C} = {EACD1A0E-4FD8-4685-B0BC-6C49A8824449}
		{4DBA1F58-280D-407A-83D4-28EE3CAEBB51} = {EACD1A0E-4FD8-4685-B0BC-6C49A8824449}
		{ADC58467-FB15-46AE-B69B-C60D2E31E52D} = {EACD1A0E-4FD8-4685-B0BC-6C49A8824449}
		{502EA539-88ED-406F-83B5-5AD0BF4D6B9A} = {92CC1B0C-A974-4779-B192-1F208B61DB89}
		{9F018550-C678-45B8-8C8B-8215829F3337} = {92CC1B0C-A974-4779-B192-1F208B61DB89}
		{4E6BCF4D-4425-42D4-BB96-58E67E1CB0FA} = {92CC1B0C-A974-4779-B192-1F208B61DB89}
		{8D6FFD14-E675-492C-BFAF-0AB2DA7C3919} = {5FBD3E1A-CCF4-494A-9959-9DC8D0CA4FCC}
		{B3CF6A1E-FC87-4138-9545-81AB18667D26} = {5FBD3E1A-CCF4-494A-9959-9DC8D0CA4FCC}
		{D7D73A06-0CEB-4074-8B4E-7D32704C85AA} = {5FBD3E1A-CCF4-494A-9959-9DC8D0CA4FCC}
		{95804579-D62F-4E9B-8E49-F5BF9982DF1F} = {9F0415F4-2DC6-4077-9DFE-64F8FB61E2B6}
		{FE7D4281-A459-402D-9B92-7A016CEC9A24} = {9F0415F4-2DC6-4077-9DFE-64F8FB61E2B6}
		{1D3C48B0-C660-45EE-9A84-B8701D8474CB} = {9F0415F4-2DC6-4077-9DFE-64F8FB61E2B6}
	EndGlobalSection
	GlobalSection(ExtensibilityGlobals) = postSolution
		SolutionGuid = {18072BEE-B54A-40D9-8F3B-6CE929FC14F3}
	EndGlobalSection
EndGlobal
